// !$*UTF8*$!
{
	archiveVersion = 1;
	classes = {
	};
	objectVersion = 56;
	objects = {

/* Begin PBXBuildFile section */
		3C3D14462AA885D2007AC704 /* YetAnotherWetherAppApp.swift in Sources */ = {isa = PBXBuildFile; fileRef = 3C3D14452AA885D2007AC704 /* YetAnotherWetherAppApp.swift */; };
		3C3D14482AA885D2007AC704 /* ContentView.swift in Sources */ = {isa = PBXBuildFile; fileRef = 3C3D14472AA885D2007AC704 /* ContentView.swift */; };
		3C3D144A2AA885D3007AC704 /* Assets.xcassets in Resources */ = {isa = PBXBuildFile; fileRef = 3C3D14492AA885D3007AC704 /* Assets.xcassets */; };
		3C3D144E2AA885D3007AC704 /* Preview Assets.xcassets in Resources */ = {isa = PBXBuildFile; fileRef = 3C3D144D2AA885D3007AC704 /* Preview Assets.xcassets */; };
		3C3D14582AA885D3007AC704 /* AppCoordinatorTests.swift in Sources */ = {isa = PBXBuildFile; fileRef = 3C3D14572AA885D3007AC704 /* AppCoordinatorTests.swift */; };
		3C3D14722AA887A9007AC704 /* AppCoordinator.swift in Sources */ = {isa = PBXBuildFile; fileRef = 3C3D14712AA887A9007AC704 /* AppCoordinator.swift */; };
		3C3D14742AA88969007AC704 /* Constants.swift in Sources */ = {isa = PBXBuildFile; fileRef = 3C3D14732AA88969007AC704 /* Constants.swift */; };
		3C3D14762AA88A33007AC704 /* WetherCoordinator.swift in Sources */ = {isa = PBXBuildFile; fileRef = 3C3D14752AA88A33007AC704 /* WetherCoordinator.swift */; };
		3C3D14792AA88AE8007AC704 /* WetherResponse.swift in Sources */ = {isa = PBXBuildFile; fileRef = 3C3D14782AA88AE8007AC704 /* WetherResponse.swift */; };
		3C3D147D2AA8A85B007AC704 /* WetherViewModel.swift in Sources */ = {isa = PBXBuildFile; fileRef = 3C3D147C2AA8A85B007AC704 /* WetherViewModel.swift */; };
		3C3D147F2AA8A8FA007AC704 /* LocationCoordinator.swift in Sources */ = {isa = PBXBuildFile; fileRef = 3C3D147E2AA8A8FA007AC704 /* LocationCoordinator.swift */; };
		3C3D14812AA8AA72007AC704 /* LoadingView.swift in Sources */ = {isa = PBXBuildFile; fileRef = 3C3D14802AA8AA72007AC704 /* LoadingView.swift */; };
		3C3D14832AA8AA87007AC704 /* WetherView.swift in Sources */ = {isa = PBXBuildFile; fileRef = 3C3D14822AA8AA87007AC704 /* WetherView.swift */; };
		3C3D14862AA8AD8F007AC704 /* WetherResponseMock.swift in Sources */ = {isa = PBXBuildFile; fileRef = 3C3D14852AA8AD8F007AC704 /* WetherResponseMock.swift */; };
		3C3D14882AA8ADF7007AC704 /* weatherData.json in Resources */ = {isa = PBXBuildFile; fileRef = 3C3D14872AA8ADF7007AC704 /* weatherData.json */; };
		3C3D148A2AA8B321007AC704 /* ErrorView.swift in Sources */ = {isa = PBXBuildFile; fileRef = 3C3D14892AA8B321007AC704 /* ErrorView.swift */; };
		3C3D148C2AA8B576007AC704 /* PersistenceManager.swift in Sources */ = {isa = PBXBuildFile; fileRef = 3C3D148B2AA8B576007AC704 /* PersistenceManager.swift */; };
		3C3D148E2AA8B781007AC704 /* NetworkManager.swift in Sources */ = {isa = PBXBuildFile; fileRef = 3C3D148D2AA8B781007AC704 /* NetworkManager.swift */; };
		3C3D14902AA8B7EE007AC704 /* WetherViewModelMock.swift in Sources */ = {isa = PBXBuildFile; fileRef = 3C3D148F2AA8B7EE007AC704 /* WetherViewModelMock.swift */; };
		3C3D14962AA8BCD5007AC704 /* Locations in Frameworks */ = {isa = PBXBuildFile; productRef = 3C3D14952AA8BCD5007AC704 /* Locations */; };
		3C3D14982AA9C3A0007AC704 /* WetherRowView.swift in Sources */ = {isa = PBXBuildFile; fileRef = 3C3D14972AA9C3A0007AC704 /* WetherRowView.swift */; };
		3C3D149A2AA9C5EA007AC704 /* Extensions.swift in Sources */ = {isa = PBXBuildFile; fileRef = 3C3D14992AA9C5EA007AC704 /* Extensions.swift */; };
		3C3D149C2AA9D8C8007AC704 /* SearchView.swift in Sources */ = {isa = PBXBuildFile; fileRef = 3C3D149B2AA9D8C8007AC704 /* SearchView.swift */; };
		3C3D149E2AA9FE8E007AC704 /* Place.swift in Sources */ = {isa = PBXBuildFile; fileRef = 3C3D149D2AA9FE8E007AC704 /* Place.swift */; };
		3C68ACAA2AAA1256003900EB /* SearchViewModel.swift in Sources */ = {isa = PBXBuildFile; fileRef = 3C68ACA92AAA1256003900EB /* SearchViewModel.swift */; };
		3C68ACAC2AAA1833003900EB /* SearchViewModelMock.swift in Sources */ = {isa = PBXBuildFile; fileRef = 3C68ACAB2AAA1833003900EB /* SearchViewModelMock.swift */; };
		3C68ACAE2AAA1B85003900EB /* SearchCoordinator.swift in Sources */ = {isa = PBXBuildFile; fileRef = 3C68ACAD2AAA1B85003900EB /* SearchCoordinator.swift */; };
		3CD01DEA2AAC84CE00ED3AA0 /* AppError.swift in Sources */ = {isa = PBXBuildFile; fileRef = 3CD01DE92AAC84CE00ED3AA0 /* AppError.swift */; };
		3CD01DEC2AAC85A600ED3AA0 /* DependencyContainer.swift in Sources */ = {isa = PBXBuildFile; fileRef = 3CD01DEB2AAC85A600ED3AA0 /* DependencyContainer.swift */; };
		3CD01DEF2AAC879E00ED3AA0 /* WetherCoordinatorMock.swift in Sources */ = {isa = PBXBuildFile; fileRef = 3CD01DEE2AAC879E00ED3AA0 /* WetherCoordinatorMock.swift */; };
		3CD01DF12AAC882B00ED3AA0 /* NetworkManagerMock.swift in Sources */ = {isa = PBXBuildFile; fileRef = 3CD01DF02AAC882B00ED3AA0 /* NetworkManagerMock.swift */; };
		3CD01DF32AAC88C700ED3AA0 /* PersistenceManagerMock.swift in Sources */ = {isa = PBXBuildFile; fileRef = 3CD01DF22AAC88C700ED3AA0 /* PersistenceManagerMock.swift */; };
		3CD01DF52AAC895100ED3AA0 /* LocationCoordinatorMock.swift in Sources */ = {isa = PBXBuildFile; fileRef = 3CD01DF42AAC895100ED3AA0 /* LocationCoordinatorMock.swift */; };
		3CD01DF72AAC8A5700ED3AA0 /* DependencyContainerMock.swift in Sources */ = {isa = PBXBuildFile; fileRef = 3CD01DF62AAC8A5700ED3AA0 /* DependencyContainerMock.swift */; };
		3CD01DF92AAC8AF400ED3AA0 /* SearchCoordinatorMock.swift in Sources */ = {isa = PBXBuildFile; fileRef = 3CD01DF82AAC8AF400ED3AA0 /* SearchCoordinatorMock.swift */; };
/* End PBXBuildFile section */

/* Begin PBXContainerItemProxy section */
		3C3D14542AA885D3007AC704 /* PBXContainerItemProxy */ = {
			isa = PBXContainerItemProxy;
			containerPortal = 3C3D143A2AA885D1007AC704 /* Project object */;
			proxyType = 1;
			remoteGlobalIDString = 3C3D14412AA885D2007AC704;
			remoteInfo = YetAnotherWetherApp;
		};
/* End PBXContainerItemProxy section */

/* Begin PBXFileReference section */
		3C3D14422AA885D2007AC704 /* YetAnotherWetherApp.app */ = {isa = PBXFileReference; explicitFileType = wrapper.application; includeInIndex = 0; path = YetAnotherWetherApp.app; sourceTree = BUILT_PRODUCTS_DIR; };
		3C3D14452AA885D2007AC704 /* YetAnotherWetherAppApp.swift */ = {isa = PBXFileReference; lastKnownFileType = sourcecode.swift; path = YetAnotherWetherAppApp.swift; sourceTree = "<group>"; };
		3C3D14472AA885D2007AC704 /* ContentView.swift */ = {isa = PBXFileReference; lastKnownFileType = sourcecode.swift; path = ContentView.swift; sourceTree = "<group>"; };
		3C3D14492AA885D3007AC704 /* Assets.xcassets */ = {isa = PBXFileReference; lastKnownFileType = folder.assetcatalog; path = Assets.xcassets; sourceTree = "<group>"; };
		3C3D144B2AA885D3007AC704 /* YetAnotherWetherApp.entitlements */ = {isa = PBXFileReference; lastKnownFileType = text.plist.entitlements; path = YetAnotherWetherApp.entitlements; sourceTree = "<group>"; };
		3C3D144D2AA885D3007AC704 /* Preview Assets.xcassets */ = {isa = PBXFileReference; lastKnownFileType = folder.assetcatalog; path = "Preview Assets.xcassets"; sourceTree = "<group>"; };
		3C3D14532AA885D3007AC704 /* YetAnotherWetherAppTests.xctest */ = {isa = PBXFileReference; explicitFileType = wrapper.cfbundle; includeInIndex = 0; path = YetAnotherWetherAppTests.xctest; sourceTree = BUILT_PRODUCTS_DIR; };
		3C3D14572AA885D3007AC704 /* AppCoordinatorTests.swift */ = {isa = PBXFileReference; lastKnownFileType = sourcecode.swift; path = AppCoordinatorTests.swift; sourceTree = "<group>"; };
		3C3D14712AA887A9007AC704 /* AppCoordinator.swift */ = {isa = PBXFileReference; lastKnownFileType = sourcecode.swift; path = AppCoordinator.swift; sourceTree = "<group>"; };
		3C3D14732AA88969007AC704 /* Constants.swift */ = {isa = PBXFileReference; lastKnownFileType = sourcecode.swift; path = Constants.swift; sourceTree = "<group>"; };
		3C3D14752AA88A33007AC704 /* WetherCoordinator.swift */ = {isa = PBXFileReference; lastKnownFileType = sourcecode.swift; path = WetherCoordinator.swift; sourceTree = "<group>"; };
		3C3D14782AA88AE8007AC704 /* WetherResponse.swift */ = {isa = PBXFileReference; lastKnownFileType = sourcecode.swift; path = WetherResponse.swift; sourceTree = "<group>"; };
		3C3D147C2AA8A85B007AC704 /* WetherViewModel.swift */ = {isa = PBXFileReference; lastKnownFileType = sourcecode.swift; path = WetherViewModel.swift; sourceTree = "<group>"; };
		3C3D147E2AA8A8FA007AC704 /* LocationCoordinator.swift */ = {isa = PBXFileReference; lastKnownFileType = sourcecode.swift; path = LocationCoordinator.swift; sourceTree = "<group>"; };
		3C3D14802AA8AA72007AC704 /* LoadingView.swift */ = {isa = PBXFileReference; lastKnownFileType = sourcecode.swift; path = LoadingView.swift; sourceTree = "<group>"; };
		3C3D14822AA8AA87007AC704 /* WetherView.swift */ = {isa = PBXFileReference; lastKnownFileType = sourcecode.swift; path = WetherView.swift; sourceTree = "<group>"; };
		3C3D14852AA8AD8F007AC704 /* WetherResponseMock.swift */ = {isa = PBXFileReference; lastKnownFileType = sourcecode.swift; path = WetherResponseMock.swift; sourceTree = "<group>"; };
		3C3D14872AA8ADF7007AC704 /* weatherData.json */ = {isa = PBXFileReference; fileEncoding = 4; lastKnownFileType = text.json; path = weatherData.json; sourceTree = "<group>"; };
		3C3D14892AA8B321007AC704 /* ErrorView.swift */ = {isa = PBXFileReference; lastKnownFileType = sourcecode.swift; path = ErrorView.swift; sourceTree = "<group>"; };
		3C3D148B2AA8B576007AC704 /* PersistenceManager.swift */ = {isa = PBXFileReference; lastKnownFileType = sourcecode.swift; path = PersistenceManager.swift; sourceTree = "<group>"; };
		3C3D148D2AA8B781007AC704 /* NetworkManager.swift */ = {isa = PBXFileReference; lastKnownFileType = sourcecode.swift; path = NetworkManager.swift; sourceTree = "<group>"; };
		3C3D148F2AA8B7EE007AC704 /* WetherViewModelMock.swift */ = {isa = PBXFileReference; lastKnownFileType = sourcecode.swift; path = WetherViewModelMock.swift; sourceTree = "<group>"; };
		3C3D14972AA9C3A0007AC704 /* WetherRowView.swift */ = {isa = PBXFileReference; lastKnownFileType = sourcecode.swift; path = WetherRowView.swift; sourceTree = "<group>"; };
		3C3D14992AA9C5EA007AC704 /* Extensions.swift */ = {isa = PBXFileReference; lastKnownFileType = sourcecode.swift; path = Extensions.swift; sourceTree = "<group>"; };
		3C3D149B2AA9D8C8007AC704 /* SearchView.swift */ = {isa = PBXFileReference; lastKnownFileType = sourcecode.swift; path = SearchView.swift; sourceTree = "<group>"; };
		3C3D149D2AA9FE8E007AC704 /* Place.swift */ = {isa = PBXFileReference; lastKnownFileType = sourcecode.swift; path = Place.swift; sourceTree = "<group>"; };
		3C68ACA92AAA1256003900EB /* SearchViewModel.swift */ = {isa = PBXFileReference; lastKnownFileType = sourcecode.swift; path = SearchViewModel.swift; sourceTree = "<group>"; };
		3C68ACAB2AAA1833003900EB /* SearchViewModelMock.swift */ = {isa = PBXFileReference; lastKnownFileType = sourcecode.swift; path = SearchViewModelMock.swift; sourceTree = "<group>"; };
		3C68ACAD2AAA1B85003900EB /* SearchCoordinator.swift */ = {isa = PBXFileReference; lastKnownFileType = sourcecode.swift; path = SearchCoordinator.swift; sourceTree = "<group>"; };
		3CD01DE92AAC84CE00ED3AA0 /* AppError.swift */ = {isa = PBXFileReference; lastKnownFileType = sourcecode.swift; path = AppError.swift; sourceTree = "<group>"; };
		3CD01DEB2AAC85A600ED3AA0 /* DependencyContainer.swift */ = {isa = PBXFileReference; lastKnownFileType = sourcecode.swift; path = DependencyContainer.swift; sourceTree = "<group>"; };
		3CD01DEE2AAC879E00ED3AA0 /* WetherCoordinatorMock.swift */ = {isa = PBXFileReference; lastKnownFileType = sourcecode.swift; path = WetherCoordinatorMock.swift; sourceTree = "<group>"; };
		3CD01DF02AAC882B00ED3AA0 /* NetworkManagerMock.swift */ = {isa = PBXFileReference; lastKnownFileType = sourcecode.swift; path = NetworkManagerMock.swift; sourceTree = "<group>"; };
		3CD01DF22AAC88C700ED3AA0 /* PersistenceManagerMock.swift */ = {isa = PBXFileReference; lastKnownFileType = sourcecode.swift; path = PersistenceManagerMock.swift; sourceTree = "<group>"; };
		3CD01DF42AAC895100ED3AA0 /* LocationCoordinatorMock.swift */ = {isa = PBXFileReference; lastKnownFileType = sourcecode.swift; path = LocationCoordinatorMock.swift; sourceTree = "<group>"; };
		3CD01DF62AAC8A5700ED3AA0 /* DependencyContainerMock.swift */ = {isa = PBXFileReference; lastKnownFileType = sourcecode.swift; path = DependencyContainerMock.swift; sourceTree = "<group>"; };
		3CD01DF82AAC8AF400ED3AA0 /* SearchCoordinatorMock.swift */ = {isa = PBXFileReference; lastKnownFileType = sourcecode.swift; path = SearchCoordinatorMock.swift; sourceTree = "<group>"; };
/* End PBXFileReference section */

/* Begin PBXFrameworksBuildPhase section */
		3C3D143F2AA885D2007AC704 /* Frameworks */ = {
			isa = PBXFrameworksBuildPhase;
			buildActionMask = 2147483647;
			files = (
				3C3D14962AA8BCD5007AC704 /* Locations in Frameworks */,
			);
			runOnlyForDeploymentPostprocessing = 0;
		};
		3C3D14502AA885D3007AC704 /* Frameworks */ = {
			isa = PBXFrameworksBuildPhase;
			buildActionMask = 2147483647;
			files = (
			);
			runOnlyForDeploymentPostprocessing = 0;
		};
/* End PBXFrameworksBuildPhase section */

/* Begin PBXGroup section */
		3C3D14392AA885D1007AC704 = {
			isa = PBXGroup;
			children = (
				3C3D14442AA885D2007AC704 /* YetAnotherWetherApp */,
				3C3D14562AA885D3007AC704 /* YetAnotherWetherAppTests */,
				3C3D14432AA885D2007AC704 /* Products */,
			);
			sourceTree = "<group>";
		};
		3C3D14432AA885D2007AC704 /* Products */ = {
			isa = PBXGroup;
			children = (
				3C3D14422AA885D2007AC704 /* YetAnotherWetherApp.app */,
				3C3D14532AA885D3007AC704 /* YetAnotherWetherAppTests.xctest */,
			);
			name = Products;
			sourceTree = "<group>";
		};
		3C3D14442AA885D2007AC704 /* YetAnotherWetherApp */ = {
			isa = PBXGroup;
			children = (
				3C3D14452AA885D2007AC704 /* YetAnotherWetherAppApp.swift */,
				3C3D14712AA887A9007AC704 /* AppCoordinator.swift */,
				3CD01DEB2AAC85A600ED3AA0 /* DependencyContainer.swift */,
				3C68ACB22AAB1012003900EB /* Wether */,
				3C68ACAF2AAB0FB1003900EB /* Search */,
				3C68ACB02AAB0FC0003900EB /* Shared */,
				3C3D14492AA885D3007AC704 /* Assets.xcassets */,
				3C3D144B2AA885D3007AC704 /* YetAnotherWetherApp.entitlements */,
				3C3D144C2AA885D3007AC704 /* Preview Content */,
			);
			path = YetAnotherWetherApp;
			sourceTree = "<group>";
		};
		3C3D144C2AA885D3007AC704 /* Preview Content */ = {
			isa = PBXGroup;
			children = (
				3C3D144D2AA885D3007AC704 /* Preview Assets.xcassets */,
			);
			path = "Preview Content";
			sourceTree = "<group>";
		};
		3C3D14562AA885D3007AC704 /* YetAnotherWetherAppTests */ = {
			isa = PBXGroup;
			children = (
				3CD01DED2AAC877600ED3AA0 /* Mocks */,
				3C3D14572AA885D3007AC704 /* AppCoordinatorTests.swift */,
			);
			path = YetAnotherWetherAppTests;
			sourceTree = "<group>";
		};
		3C3D14772AA88AB9007AC704 /* Models */ = {
			isa = PBXGroup;
			children = (
				3C3D14782AA88AE8007AC704 /* WetherResponse.swift */,
				3C3D149D2AA9FE8E007AC704 /* Place.swift */,
			);
			path = Models;
			sourceTree = "<group>";
		};
		3C3D147A2AA8A7F4007AC704 /* Views */ = {
			isa = PBXGroup;
			children = (
				3C3D14472AA885D2007AC704 /* ContentView.swift */,
				3C3D14802AA8AA72007AC704 /* LoadingView.swift */,
				3C3D14822AA8AA87007AC704 /* WetherView.swift */,
				3C3D14892AA8B321007AC704 /* ErrorView.swift */,
				3C3D14972AA9C3A0007AC704 /* WetherRowView.swift */,
			);
			path = Views;
			sourceTree = "<group>";
		};
		3C3D14842AA8ACAE007AC704 /* Mocks */ = {
			isa = PBXGroup;
			children = (
				3C3D148F2AA8B7EE007AC704 /* WetherViewModelMock.swift */,
				3C3D14852AA8AD8F007AC704 /* WetherResponseMock.swift */,
				3C3D14872AA8ADF7007AC704 /* weatherData.json */,
			);
			path = Mocks;
			sourceTree = "<group>";
		};
		3C68ACAF2AAB0FB1003900EB /* Search */ = {
			isa = PBXGroup;
			children = (
				3C68ACAD2AAA1B85003900EB /* SearchCoordinator.swift */,
				3C68ACA92AAA1256003900EB /* SearchViewModel.swift */,
				3C3D149B2AA9D8C8007AC704 /* SearchView.swift */,
				3C68ACAB2AAA1833003900EB /* SearchViewModelMock.swift */,
			);
			path = Search;
			sourceTree = "<group>";
		};
		3C68ACB02AAB0FC0003900EB /* Shared */ = {
			isa = PBXGroup;
			children = (
				3CD01DE92AAC84CE00ED3AA0 /* AppError.swift */,
				3C3D14732AA88969007AC704 /* Constants.swift */,
				3C3D14992AA9C5EA007AC704 /* Extensions.swift */,
				3C68ACB42AAB1150003900EB /* Persistence */,
				3C68ACB32AAB1042003900EB /* Location */,
				3C3D14772AA88AB9007AC704 /* Models */,
				3C68ACB12AAB0FC9003900EB /* Networking */,
			);
			path = Shared;
			sourceTree = "<group>";
		};
		3C68ACB12AAB0FC9003900EB /* Networking */ = {
			isa = PBXGroup;
			children = (
				3C3D148D2AA8B781007AC704 /* NetworkManager.swift */,
			);
			path = Networking;
			sourceTree = "<group>";
		};
		3C68ACB22AAB1012003900EB /* Wether */ = {
			isa = PBXGroup;
			children = (
				3C3D14752AA88A33007AC704 /* WetherCoordinator.swift */,
				3C3D147C2AA8A85B007AC704 /* WetherViewModel.swift */,
				3C3D147A2AA8A7F4007AC704 /* Views */,
				3C3D14842AA8ACAE007AC704 /* Mocks */,
			);
			path = Wether;
			sourceTree = "<group>";
		};
		3C68ACB32AAB1042003900EB /* Location */ = {
			isa = PBXGroup;
			children = (
				3C3D147E2AA8A8FA007AC704 /* LocationCoordinator.swift */,
			);
			path = Location;
			sourceTree = "<group>";
		};
		3C68ACB42AAB1150003900EB /* Persistence */ = {
			isa = PBXGroup;
			children = (
				3C3D148B2AA8B576007AC704 /* PersistenceManager.swift */,
			);
			path = Persistence;
			sourceTree = "<group>";
		};
		3CD01DED2AAC877600ED3AA0 /* Mocks */ = {
			isa = PBXGroup;
			children = (
				3CD01DEE2AAC879E00ED3AA0 /* WetherCoordinatorMock.swift */,
				3CD01DF02AAC882B00ED3AA0 /* NetworkManagerMock.swift */,
				3CD01DF22AAC88C700ED3AA0 /* PersistenceManagerMock.swift */,
				3CD01DF42AAC895100ED3AA0 /* LocationCoordinatorMock.swift */,
				3CD01DF82AAC8AF400ED3AA0 /* SearchCoordinatorMock.swift */,
				3CD01DF62AAC8A5700ED3AA0 /* DependencyContainerMock.swift */,
			);
			path = Mocks;
			sourceTree = "<group>";
		};
/* End PBXGroup section */

/* Begin PBXNativeTarget section */
		3C3D14412AA885D2007AC704 /* YetAnotherWetherApp */ = {
			isa = PBXNativeTarget;
			buildConfigurationList = 3C3D14672AA885D3007AC704 /* Build configuration list for PBXNativeTarget "YetAnotherWetherApp" */;
			buildPhases = (
				3C3D143E2AA885D2007AC704 /* Sources */,
				3C3D143F2AA885D2007AC704 /* Frameworks */,
				3C3D14402AA885D2007AC704 /* Resources */,
			);
			buildRules = (
			);
			dependencies = (
			);
			name = YetAnotherWetherApp;
			packageProductDependencies = (
				3C3D14952AA8BCD5007AC704 /* Locations */,
			);
			productName = YetAnotherWetherApp;
			productReference = 3C3D14422AA885D2007AC704 /* YetAnotherWetherApp.app */;
			productType = "com.apple.product-type.application";
		};
		3C3D14522AA885D3007AC704 /* YetAnotherWetherAppTests */ = {
			isa = PBXNativeTarget;
			buildConfigurationList = 3C3D146A2AA885D3007AC704 /* Build configuration list for PBXNativeTarget "YetAnotherWetherAppTests" */;
			buildPhases = (
				3C3D144F2AA885D3007AC704 /* Sources */,
				3C3D14502AA885D3007AC704 /* Frameworks */,
				3C3D14512AA885D3007AC704 /* Resources */,
			);
			buildRules = (
			);
			dependencies = (
				3C3D14552AA885D3007AC704 /* PBXTargetDependency */,
			);
			name = YetAnotherWetherAppTests;
			productName = YetAnotherWetherAppTests;
			productReference = 3C3D14532AA885D3007AC704 /* YetAnotherWetherAppTests.xctest */;
			productType = "com.apple.product-type.bundle.unit-test";
		};
/* End PBXNativeTarget section */

/* Begin PBXProject section */
		3C3D143A2AA885D1007AC704 /* Project object */ = {
			isa = PBXProject;
			attributes = {
				BuildIndependentTargetsInParallel = 1;
				LastSwiftUpdateCheck = 1430;
				LastUpgradeCheck = 1430;
				TargetAttributes = {
					3C3D14412AA885D2007AC704 = {
						CreatedOnToolsVersion = 14.3;
					};
					3C3D14522AA885D3007AC704 = {
						CreatedOnToolsVersion = 14.3;
						TestTargetID = 3C3D14412AA885D2007AC704;
					};
				};
			};
			buildConfigurationList = 3C3D143D2AA885D1007AC704 /* Build configuration list for PBXProject "YetAnotherWetherApp" */;
			compatibilityVersion = "Xcode 14.0";
			developmentRegion = en;
			hasScannedForEncodings = 0;
			knownRegions = (
				en,
				Base,
			);
			mainGroup = 3C3D14392AA885D1007AC704;
			packageReferences = (
				3C3D14942AA8BCD5007AC704 /* XCRemoteSwiftPackageReference "swift-locations" */,
			);
			productRefGroup = 3C3D14432AA885D2007AC704 /* Products */;
			projectDirPath = "";
			projectRoot = "";
			targets = (
				3C3D14412AA885D2007AC704 /* YetAnotherWetherApp */,
				3C3D14522AA885D3007AC704 /* YetAnotherWetherAppTests */,
			);
		};
/* End PBXProject section */

/* Begin PBXResourcesBuildPhase section */
		3C3D14402AA885D2007AC704 /* Resources */ = {
			isa = PBXResourcesBuildPhase;
			buildActionMask = 2147483647;
			files = (
				3C3D144E2AA885D3007AC704 /* Preview Assets.xcassets in Resources */,
				3C3D14882AA8ADF7007AC704 /* weatherData.json in Resources */,
				3C3D144A2AA885D3007AC704 /* Assets.xcassets in Resources */,
			);
			runOnlyForDeploymentPostprocessing = 0;
		};
		3C3D14512AA885D3007AC704 /* Resources */ = {
			isa = PBXResourcesBuildPhase;
			buildActionMask = 2147483647;
			files = (
			);
			runOnlyForDeploymentPostprocessing = 0;
		};
/* End PBXResourcesBuildPhase section */

/* Begin PBXSourcesBuildPhase section */
		3C3D143E2AA885D2007AC704 /* Sources */ = {
			isa = PBXSourcesBuildPhase;
			buildActionMask = 2147483647;
			files = (
				3C3D14982AA9C3A0007AC704 /* WetherRowView.swift in Sources */,
				3C3D149E2AA9FE8E007AC704 /* Place.swift in Sources */,
				3C68ACAE2AAA1B85003900EB /* SearchCoordinator.swift in Sources */,
				3C3D14902AA8B7EE007AC704 /* WetherViewModelMock.swift in Sources */,
				3C3D14722AA887A9007AC704 /* AppCoordinator.swift in Sources */,
				3C3D147F2AA8A8FA007AC704 /* LocationCoordinator.swift in Sources */,
				3C3D14862AA8AD8F007AC704 /* WetherResponseMock.swift in Sources */,
				3C68ACAA2AAA1256003900EB /* SearchViewModel.swift in Sources */,
				3C3D14482AA885D2007AC704 /* ContentView.swift in Sources */,
				3C3D14832AA8AA87007AC704 /* WetherView.swift in Sources */,
				3C3D148C2AA8B576007AC704 /* PersistenceManager.swift in Sources */,
				3C3D147D2AA8A85B007AC704 /* WetherViewModel.swift in Sources */,
				3C68ACAC2AAA1833003900EB /* SearchViewModelMock.swift in Sources */,
				3CD01DEA2AAC84CE00ED3AA0 /* AppError.swift in Sources */,
				3C3D14462AA885D2007AC704 /* YetAnotherWetherAppApp.swift in Sources */,
				3C3D149C2AA9D8C8007AC704 /* SearchView.swift in Sources */,
				3C3D148A2AA8B321007AC704 /* ErrorView.swift in Sources */,
				3C3D14792AA88AE8007AC704 /* WetherResponse.swift in Sources */,
				3C3D148E2AA8B781007AC704 /* NetworkManager.swift in Sources */,
				3C3D14742AA88969007AC704 /* Constants.swift in Sources */,
				3C3D149A2AA9C5EA007AC704 /* Extensions.swift in Sources */,
				3C3D14762AA88A33007AC704 /* WetherCoordinator.swift in Sources */,
				3CD01DEC2AAC85A600ED3AA0 /* DependencyContainer.swift in Sources */,
				3C3D14812AA8AA72007AC704 /* LoadingView.swift in Sources */,
			);
			runOnlyForDeploymentPostprocessing = 0;
		};
		3C3D144F2AA885D3007AC704 /* Sources */ = {
			isa = PBXSourcesBuildPhase;
			buildActionMask = 2147483647;
			files = (
				3C3D14582AA885D3007AC704 /* AppCoordinatorTests.swift in Sources */,
				3CD01DF32AAC88C700ED3AA0 /* PersistenceManagerMock.swift in Sources */,
				3CD01DEF2AAC879E00ED3AA0 /* WetherCoordinatorMock.swift in Sources */,
				3CD01DF92AAC8AF400ED3AA0 /* SearchCoordinatorMock.swift in Sources */,
				3CD01DF12AAC882B00ED3AA0 /* NetworkManagerMock.swift in Sources */,
				3CD01DF72AAC8A5700ED3AA0 /* DependencyContainerMock.swift in Sources */,
				3CD01DF52AAC895100ED3AA0 /* LocationCoordinatorMock.swift in Sources */,
			);
			runOnlyForDeploymentPostprocessing = 0;
		};
/* End PBXSourcesBuildPhase section */

/* Begin PBXTargetDependency section */
		3C3D14552AA885D3007AC704 /* PBXTargetDependency */ = {
			isa = PBXTargetDependency;
			target = 3C3D14412AA885D2007AC704 /* YetAnotherWetherApp */;
			targetProxy = 3C3D14542AA885D3007AC704 /* PBXContainerItemProxy */;
		};
/* End PBXTargetDependency section */

/* Begin XCBuildConfiguration section */
		3C3D14652AA885D3007AC704 /* Debug */ = {
			isa = XCBuildConfiguration;
			buildSettings = {
				ALWAYS_SEARCH_USER_PATHS = NO;
				CLANG_ANALYZER_NONNULL = YES;
				CLANG_ANALYZER_NUMBER_OBJECT_CONVERSION = YES_AGGRESSIVE;
				CLANG_CXX_LANGUAGE_STANDARD = "gnu++20";
				CLANG_ENABLE_MODULES = YES;
				CLANG_ENABLE_OBJC_ARC = YES;
				CLANG_ENABLE_OBJC_WEAK = YES;
				CLANG_WARN_BLOCK_CAPTURE_AUTORELEASING = YES;
				CLANG_WARN_BOOL_CONVERSION = YES;
				CLANG_WARN_COMMA = YES;
				CLANG_WARN_CONSTANT_CONVERSION = YES;
				CLANG_WARN_DEPRECATED_OBJC_IMPLEMENTATIONS = YES;
				CLANG_WARN_DIRECT_OBJC_ISA_USAGE = YES_ERROR;
				CLANG_WARN_DOCUMENTATION_COMMENTS = YES;
				CLANG_WARN_EMPTY_BODY = YES;
				CLANG_WARN_ENUM_CONVERSION = YES;
				CLANG_WARN_INFINITE_RECURSION = YES;
				CLANG_WARN_INT_CONVERSION = YES;
				CLANG_WARN_NON_LITERAL_NULL_CONVERSION = YES;
				CLANG_WARN_OBJC_IMPLICIT_RETAIN_SELF = YES;
				CLANG_WARN_OBJC_LITERAL_CONVERSION = YES;
				CLANG_WARN_OBJC_ROOT_CLASS = YES_ERROR;
				CLANG_WARN_QUOTED_INCLUDE_IN_FRAMEWORK_HEADER = YES;
				CLANG_WARN_RANGE_LOOP_ANALYSIS = YES;
				CLANG_WARN_STRICT_PROTOTYPES = YES;
				CLANG_WARN_SUSPICIOUS_MOVE = YES;
				CLANG_WARN_UNGUARDED_AVAILABILITY = YES_AGGRESSIVE;
				CLANG_WARN_UNREACHABLE_CODE = YES;
				CLANG_WARN__DUPLICATE_METHOD_MATCH = YES;
				COPY_PHASE_STRIP = NO;
				DEBUG_INFORMATION_FORMAT = dwarf;
				ENABLE_STRICT_OBJC_MSGSEND = YES;
				ENABLE_TESTABILITY = YES;
				GCC_C_LANGUAGE_STANDARD = gnu11;
				GCC_DYNAMIC_NO_PIC = NO;
				GCC_NO_COMMON_BLOCKS = YES;
				GCC_OPTIMIZATION_LEVEL = 0;
				GCC_PREPROCESSOR_DEFINITIONS = (
					"DEBUG=1",
					"$(inherited)",
				);
				GCC_WARN_64_TO_32_BIT_CONVERSION = YES;
				GCC_WARN_ABOUT_RETURN_TYPE = YES_ERROR;
				GCC_WARN_UNDECLARED_SELECTOR = YES;
				GCC_WARN_UNINITIALIZED_AUTOS = YES_AGGRESSIVE;
				GCC_WARN_UNUSED_FUNCTION = YES;
				GCC_WARN_UNUSED_VARIABLE = YES;
				MTL_ENABLE_DEBUG_INFO = INCLUDE_SOURCE;
				MTL_FAST_MATH = YES;
				ONLY_ACTIVE_ARCH = YES;
				SWIFT_ACTIVE_COMPILATION_CONDITIONS = DEBUG;
				SWIFT_OPTIMIZATION_LEVEL = "-Onone";
			};
			name = Debug;
		};
		3C3D14662AA885D3007AC704 /* Release */ = {
			isa = XCBuildConfiguration;
			buildSettings = {
				ALWAYS_SEARCH_USER_PATHS = NO;
				CLANG_ANALYZER_NONNULL = YES;
				CLANG_ANALYZER_NUMBER_OBJECT_CONVERSION = YES_AGGRESSIVE;
				CLANG_CXX_LANGUAGE_STANDARD = "gnu++20";
				CLANG_ENABLE_MODULES = YES;
				CLANG_ENABLE_OBJC_ARC = YES;
				CLANG_ENABLE_OBJC_WEAK = YES;
				CLANG_WARN_BLOCK_CAPTURE_AUTORELEASING = YES;
				CLANG_WARN_BOOL_CONVERSION = YES;
				CLANG_WARN_COMMA = YES;
				CLANG_WARN_CONSTANT_CONVERSION = YES;
				CLANG_WARN_DEPRECATED_OBJC_IMPLEMENTATIONS = YES;
				CLANG_WARN_DIRECT_OBJC_ISA_USAGE = YES_ERROR;
				CLANG_WARN_DOCUMENTATION_COMMENTS = YES;
				CLANG_WARN_EMPTY_BODY = YES;
				CLANG_WARN_ENUM_CONVERSION = YES;
				CLANG_WARN_INFINITE_RECURSION = YES;
				CLANG_WARN_INT_CONVERSION = YES;
				CLANG_WARN_NON_LITERAL_NULL_CONVERSION = YES;
				CLANG_WARN_OBJC_IMPLICIT_RETAIN_SELF = YES;
				CLANG_WARN_OBJC_LITERAL_CONVERSION = YES;
				CLANG_WARN_OBJC_ROOT_CLASS = YES_ERROR;
				CLANG_WARN_QUOTED_INCLUDE_IN_FRAMEWORK_HEADER = YES;
				CLANG_WARN_RANGE_LOOP_ANALYSIS = YES;
				CLANG_WARN_STRICT_PROTOTYPES = YES;
				CLANG_WARN_SUSPICIOUS_MOVE = YES;
				CLANG_WARN_UNGUARDED_AVAILABILITY = YES_AGGRESSIVE;
				CLANG_WARN_UNREACHABLE_CODE = YES;
				CLANG_WARN__DUPLICATE_METHOD_MATCH = YES;
				COPY_PHASE_STRIP = NO;
				DEBUG_INFORMATION_FORMAT = "dwarf-with-dsym";
				ENABLE_NS_ASSERTIONS = NO;
				ENABLE_STRICT_OBJC_MSGSEND = YES;
				GCC_C_LANGUAGE_STANDARD = gnu11;
				GCC_NO_COMMON_BLOCKS = YES;
				GCC_WARN_64_TO_32_BIT_CONVERSION = YES;
				GCC_WARN_ABOUT_RETURN_TYPE = YES_ERROR;
				GCC_WARN_UNDECLARED_SELECTOR = YES;
				GCC_WARN_UNINITIALIZED_AUTOS = YES_AGGRESSIVE;
				GCC_WARN_UNUSED_FUNCTION = YES;
				GCC_WARN_UNUSED_VARIABLE = YES;
				MTL_ENABLE_DEBUG_INFO = NO;
				MTL_FAST_MATH = YES;
				SWIFT_COMPILATION_MODE = wholemodule;
				SWIFT_OPTIMIZATION_LEVEL = "-O";
			};
			name = Release;
		};
		3C3D14682AA885D3007AC704 /* Debug */ = {
			isa = XCBuildConfiguration;
			buildSettings = {
				ASSETCATALOG_COMPILER_APPICON_NAME = AppIcon;
				ASSETCATALOG_COMPILER_GLOBAL_ACCENT_COLOR_NAME = AccentColor;
				CODE_SIGN_ENTITLEMENTS = YetAnotherWetherApp/YetAnotherWetherApp.entitlements;
				CODE_SIGN_STYLE = Automatic;
				CURRENT_PROJECT_VERSION = 1;
				DEVELOPMENT_ASSET_PATHS = "\"YetAnotherWetherApp/Preview Content\"";
				DEVELOPMENT_TEAM = UX58MRWBW6;
				ENABLE_HARDENED_RUNTIME = YES;
				ENABLE_PREVIEWS = YES;
				GENERATE_INFOPLIST_FILE = YES;
				INFOPLIST_KEY_NSLocationAlwaysAndWhenInUseUsageDescription = "We need your location to show wether forecast.";
				INFOPLIST_KEY_NSLocationWhenInUseUsageDescription = "We need your location to show wether forecast.";
				"INFOPLIST_KEY_UIApplicationSceneManifest_Generation[sdk=iphoneos*]" = YES;
				"INFOPLIST_KEY_UIApplicationSceneManifest_Generation[sdk=iphonesimulator*]" = YES;
				"INFOPLIST_KEY_UIApplicationSupportsIndirectInputEvents[sdk=iphoneos*]" = YES;
				"INFOPLIST_KEY_UIApplicationSupportsIndirectInputEvents[sdk=iphonesimulator*]" = YES;
				"INFOPLIST_KEY_UILaunchScreen_Generation[sdk=iphoneos*]" = YES;
				"INFOPLIST_KEY_UILaunchScreen_Generation[sdk=iphonesimulator*]" = YES;
				"INFOPLIST_KEY_UIStatusBarStyle[sdk=iphoneos*]" = UIStatusBarStyleDefault;
				"INFOPLIST_KEY_UIStatusBarStyle[sdk=iphonesimulator*]" = UIStatusBarStyleDefault;
				INFOPLIST_KEY_UISupportedInterfaceOrientations_iPad = "UIInterfaceOrientationPortrait UIInterfaceOrientationPortraitUpsideDown UIInterfaceOrientationLandscapeLeft UIInterfaceOrientationLandscapeRight";
				INFOPLIST_KEY_UISupportedInterfaceOrientations_iPhone = "UIInterfaceOrientationPortrait UIInterfaceOrientationLandscapeLeft UIInterfaceOrientationLandscapeRight";
				IPHONEOS_DEPLOYMENT_TARGET = 16.4;
				LD_RUNPATH_SEARCH_PATHS = "@executable_path/Frameworks";
				"LD_RUNPATH_SEARCH_PATHS[sdk=macosx*]" = "@executable_path/../Frameworks";
				MACOSX_DEPLOYMENT_TARGET = 13.3;
				MARKETING_VERSION = 1.0;
				PRODUCT_BUNDLE_IDENTIFIER = denismih.com.YetAnotherWetherApp;
				PRODUCT_NAME = "$(TARGET_NAME)";
				SDKROOT = auto;
				SUPPORTED_PLATFORMS = "iphoneos iphonesimulator macosx";
				SWIFT_EMIT_LOC_STRINGS = YES;
				SWIFT_VERSION = 5.0;
				TARGETED_DEVICE_FAMILY = "1,2";
			};
			name = Debug;
		};
		3C3D14692AA885D3007AC704 /* Release */ = {
			isa = XCBuildConfiguration;
			buildSettings = {
				ASSETCATALOG_COMPILER_APPICON_NAME = AppIcon;
				ASSETCATALOG_COMPILER_GLOBAL_ACCENT_COLOR_NAME = AccentColor;
				CODE_SIGN_ENTITLEMENTS = YetAnotherWetherApp/YetAnotherWetherApp.entitlements;
				CODE_SIGN_STYLE = Automatic;
				CURRENT_PROJECT_VERSION = 1;
				DEVELOPMENT_ASSET_PATHS = "\"YetAnotherWetherApp/Preview Content\"";
				DEVELOPMENT_TEAM = UX58MRWBW6;
				ENABLE_HARDENED_RUNTIME = YES;
				ENABLE_PREVIEWS = YES;
				GENERATE_INFOPLIST_FILE = YES;
				INFOPLIST_KEY_NSLocationAlwaysAndWhenInUseUsageDescription = "We need your location to show wether forecast.";
				INFOPLIST_KEY_NSLocationWhenInUseUsageDescription = "We need your location to show wether forecast.";
				"INFOPLIST_KEY_UIApplicationSceneManifest_Generation[sdk=iphoneos*]" = YES;
				"INFOPLIST_KEY_UIApplicationSceneManifest_Generation[sdk=iphonesimulator*]" = YES;
				"INFOPLIST_KEY_UIApplicationSupportsIndirectInputEvents[sdk=iphoneos*]" = YES;
				"INFOPLIST_KEY_UIApplicationSupportsIndirectInputEvents[sdk=iphonesimulator*]" = YES;
				"INFOPLIST_KEY_UILaunchScreen_Generation[sdk=iphoneos*]" = YES;
				"INFOPLIST_KEY_UILaunchScreen_Generation[sdk=iphonesimulator*]" = YES;
				"INFOPLIST_KEY_UIStatusBarStyle[sdk=iphoneos*]" = UIStatusBarStyleDefault;
				"INFOPLIST_KEY_UIStatusBarStyle[sdk=iphonesimulator*]" = UIStatusBarStyleDefault;
				INFOPLIST_KEY_UISupportedInterfaceOrientations_iPad = "UIInterfaceOrientationPortrait UIInterfaceOrientationPortraitUpsideDown UIInterfaceOrientationLandscapeLeft UIInterfaceOrientationLandscapeRight";
				INFOPLIST_KEY_UISupportedInterfaceOrientations_iPhone = "UIInterfaceOrientationPortrait UIInterfaceOrientationLandscapeLeft UIInterfaceOrientationLandscapeRight";
				IPHONEOS_DEPLOYMENT_TARGET = 16.4;
				LD_RUNPATH_SEARCH_PATHS = "@executable_path/Frameworks";
				"LD_RUNPATH_SEARCH_PATHS[sdk=macosx*]" = "@executable_path/../Frameworks";
				MACOSX_DEPLOYMENT_TARGET = 13.3;
				MARKETING_VERSION = 1.0;
				PRODUCT_BUNDLE_IDENTIFIER = denismih.com.YetAnotherWetherApp;
				PRODUCT_NAME = "$(TARGET_NAME)";
				SDKROOT = auto;
				SUPPORTED_PLATFORMS = "iphoneos iphonesimulator macosx";
				SWIFT_EMIT_LOC_STRINGS = YES;
				SWIFT_VERSION = 5.0;
				TARGETED_DEVICE_FAMILY = "1,2";
			};
			name = Release;
		};
		3C3D146B2AA885D3007AC704 /* Debug */ = {
			isa = XCBuildConfiguration;
			buildSettings = {
				ALWAYS_EMBED_SWIFT_STANDARD_LIBRARIES = YES;
				BUNDLE_LOADER = "$(TEST_HOST)";
				CODE_SIGN_STYLE = Automatic;
				CURRENT_PROJECT_VERSION = 1;
				DEVELOPMENT_TEAM = UX58MRWBW6;
				GENERATE_INFOPLIST_FILE = YES;
				IPHONEOS_DEPLOYMENT_TARGET = 16.4;
				MACOSX_DEPLOYMENT_TARGET = 13.3;
				MARKETING_VERSION = 1.0;
				PRODUCT_BUNDLE_IDENTIFIER = denismih.com.YetAnotherWetherAppTests;
				PRODUCT_NAME = "$(TARGET_NAME)";
				SDKROOT = auto;
				SUPPORTED_PLATFORMS = "iphoneos iphonesimulator macosx";
				SWIFT_EMIT_LOC_STRINGS = NO;
				SWIFT_VERSION = 5.0;
				TARGETED_DEVICE_FAMILY = "1,2";
				TEST_HOST = "$(BUILT_PRODUCTS_DIR)/YetAnotherWetherApp.app/$(BUNDLE_EXECUTABLE_FOLDER_PATH)/YetAnotherWetherApp";
			};
			name = Debug;
		};
		3C3D146C2AA885D3007AC704 /* Release */ = {
			isa = XCBuildConfiguration;
			buildSettings = {
				ALWAYS_EMBED_SWIFT_STANDARD_LIBRARIES = YES;
				BUNDLE_LOADER = "$(TEST_HOST)";
				CODE_SIGN_STYLE = Automatic;
				CURRENT_PROJECT_VERSION = 1;
				DEVELOPMENT_TEAM = UX58MRWBW6;
				GENERATE_INFOPLIST_FILE = YES;
				IPHONEOS_DEPLOYMENT_TARGET = 16.4;
				MACOSX_DEPLOYMENT_TARGET = 13.3;
				MARKETING_VERSION = 1.0;
				PRODUCT_BUNDLE_IDENTIFIER = denismih.com.YetAnotherWetherAppTests;
				PRODUCT_NAME = "$(TARGET_NAME)";
				SDKROOT = auto;
				SUPPORTED_PLATFORMS = "iphoneos iphonesimulator macosx";
				SWIFT_EMIT_LOC_STRINGS = NO;
				SWIFT_VERSION = 5.0;
				TARGETED_DEVICE_FAMILY = "1,2";
				TEST_HOST = "$(BUILT_PRODUCTS_DIR)/YetAnotherWetherApp.app/$(BUNDLE_EXECUTABLE_FOLDER_PATH)/YetAnotherWetherApp";
			};
			name = Release;
		};
/* End XCBuildConfiguration section */

/* Begin XCConfigurationList section */
		3C3D143D2AA885D1007AC704 /* Build configuration list for PBXProject "YetAnotherWetherApp" */ = {
			isa = XCConfigurationList;
			buildConfigurations = (
				3C3D14652AA885D3007AC704 /* Debug */,
				3C3D14662AA885D3007AC704 /* Release */,
			);
			defaultConfigurationIsVisible = 0;
			defaultConfigurationName = Release;
		};
		3C3D14672AA885D3007AC704 /* Build configuration list for PBXNativeTarget "YetAnotherWetherApp" */ = {
			isa = XCConfigurationList;
			buildConfigurations = (
				3C3D14682AA885D3007AC704 /* Debug */,
				3C3D14692AA885D3007AC704 /* Release */,
			);
			defaultConfigurationIsVisible = 0;
			defaultConfigurationName = Release;
		};
		3C3D146A2AA885D3007AC704 /* Build configuration list for PBXNativeTarget "YetAnotherWetherAppTests" */ = {
			isa = XCConfigurationList;
			buildConfigurations = (
				3C3D146B2AA885D3007AC704 /* Debug */,
				3C3D146C2AA885D3007AC704 /* Release */,
			);
			defaultConfigurationIsVisible = 0;
			defaultConfigurationName = Release;
		};
/* End XCConfigurationList section */

/* Begin XCRemoteSwiftPackageReference section */
		3C3D14942AA8BCD5007AC704 /* XCRemoteSwiftPackageReference "swift-locations" */ = {
			isa = XCRemoteSwiftPackageReference;
			repositoryURL = "https://github.com/alexandrehsaad/swift-locations.git";
			requirement = {
				branch = main;
				kind = branch;
			};
		};
/* End XCRemoteSwiftPackageReference section */

/* Begin XCSwiftPackageProductDependency section */
		3C3D14952AA8BCD5007AC704 /* Locations */ = {
			isa = XCSwiftPackageProductDependency;
			package = 3C3D14942AA8BCD5007AC704 /* XCRemoteSwiftPackageReference "swift-locations" */;
			productName = Locations;
		};
/* End XCSwiftPackageProductDependency section */
	};
	rootObject = 3C3D143A2AA885D1007AC704 /* Project object */;
}
